<?xml version="1.0" encoding="utf-8"?>
<Project ToolsVersion="4.0" xmlns="http://schemas.microsoft.com/developer/msbuild/2003">
  <ItemGroup>
    <Filter Include="Core">
      <UniqueIdentifier>{4FC737F1-C7A5-4376-A066-2A32D752A2FF}</UniqueIdentifier>
      <Extensions>cpp;c;cc;cxx;def;odl;idl;hpj;bat;asm;asmx</Extensions>
    </Filter>
    <Filter Include="Utility">
      <UniqueIdentifier>{0e98d69a-ea33-4590-a577-a975753dd33d}</UniqueIdentifier>
    </Filter>
    <Filter Include="Managers">
      <UniqueIdentifier>{8ceb4ea1-28a2-428e-99b0-1e491d8d44ff}</UniqueIdentifier>
    </Filter>
    <Filter Include="Assets">
      <UniqueIdentifier>{bd6b4ea0-c5d8-4d2a-9c67-7453669e0f35}</UniqueIdentifier>
    </Filter>
    <Filter Include="Shaders">
      <UniqueIdentifier>{b6b259f6-d756-4a73-a3e4-35f5cc39861b}</UniqueIdentifier>
    </Filter>
    <Filter Include="GameObject">
      <UniqueIdentifier>{9e6115b0-d96a-4bf2-be74-a5f5b1fd3159}</UniqueIdentifier>
    </Filter>
  </ItemGroup>
  <ItemGroup>
    <ClCompile Include="..\src\DXApp.cpp">
      <Filter>Core</Filter>
    </ClCompile>
    <ClCompile Include="..\src\winmain.cpp" />
    <ClCompile Include="..\src\Renderer.cpp">
      <Filter>Core</Filter>
    </ClCompile>
    <ClCompile Include="..\src\Window.cpp">
      <Filter>Core</Filter>
    </ClCompile>
    <ClCompile Include="..\src\InputHandler.cpp">
      <Filter>Managers</Filter>
    </ClCompile>
    <ClCompile Include="..\src\JTime.cpp">
      <Filter>Utility</Filter>
    </ClCompile>
    <ClCompile Include="..\src\SimpleTimer.cpp">
      <Filter>Utility</Filter>
    </ClCompile>
    <ClCompile Include="..\src\Camera.cpp">
      <Filter>GameObject</Filter>
    </ClCompile>
    <ClCompile Include="..\src\GameObject.cpp">
      <Filter>GameObject</Filter>
    </ClCompile>
    <ClCompile Include="..\src\SwarmManager.cpp">
      <Filter>Managers</Filter>
    </ClCompile>
    <ClCompile Include="..\src\VBModel.cpp">
      <Filter>Assets</Filter>
    </ClCompile>
    <ClCompile Include="..\src\VBModelManager.cpp">
      <Filter>Managers</Filter>
    </ClCompile>
    <ClCompile Include="..\src\VBGO.cpp">
      <Filter>GameObject</Filter>
    </ClCompile>
  </ItemGroup>
  <ItemGroup>
    <ClInclude Include="..\src\DXApp.h">
      <Filter>Core</Filter>
    </ClInclude>
    <ClInclude Include="..\src\Window.h">
      <Filter>Core</Filter>
    </ClInclude>
    <ClInclude Include="..\src\Renderer.h">
      <Filter>Core</Filter>
    </ClInclude>
    <ClInclude Include="..\src\GameData.h">
      <Filter>Core</Filter>
    </ClInclude>
    <ClInclude Include="..\src\InputHandler.h">
      <Filter>Managers</Filter>
    </ClInclude>
    <ClInclude Include="..\src\JTime.h">
      <Filter>Utility</Filter>
    </ClInclude>
    <ClInclude Include="..\src\SimpleTimer.h">
      <Filter>Utility</Filter>
    </ClInclude>
    <ClInclude Include="..\src\GameAction.h">
      <Filter>Utility</Filter>
    </ClInclude>
    <ClInclude Include="..\src\Keybinding.h">
      <Filter>Utility</Filter>
    </ClInclude>
    <ClInclude Include="..\src\DXUtil.h">
      <Filter>Utility</Filter>
    </ClInclude>
    <ClInclude Include="..\src\Vertex.h">
      <Filter>Assets</Filter>
    </ClInclude>
    <ClInclude Include="..\src\Camera.h">
      <Filter>GameObject</Filter>
    </ClInclude>
    <ClInclude Include="..\src\GameObject.h">
      <Filter>GameObject</Filter>
    </ClInclude>
    <ClInclude Include="..\src\DrawData.h">
      <Filter>Core</Filter>
    </ClInclude>
    <ClInclude Include="..\src\DXMathHelper.h">
      <Filter>Utility</Filter>
    </ClInclude>
    <ClInclude Include="..\src\Core.h">
      <Filter>Core</Filter>
    </ClInclude>
    <ClInclude Include="..\src\SwarmManager.h">
      <Filter>Managers</Filter>
    </ClInclude>
    <ClInclude Include="..\src\VBModel.h">
      <Filter>Assets</Filter>
    </ClInclude>
    <ClInclude Include="..\src\VBModelManager.h">
      <Filter>Managers</Filter>
    </ClInclude>
    <ClInclude Include="..\src\ShaderData.h">
      <Filter>Assets</Filter>
    </ClInclude>
    <ClInclude Include="..\src\VBGO.h">
      <Filter>GameObject</Filter>
    </ClInclude>
  </ItemGroup>
  <ItemGroup>
    <FxCompile Include="..\Shaders\PixelShader.hlsl">
      <Filter>Shaders</Filter>
    </FxCompile>
    <FxCompile Include="..\Shaders\VertexShader.hlsl">
      <Filter>Shaders</Filter>
    </FxCompile>
  </ItemGroup>
</Project>